
Microsoft Visual Studio Solution File, Format Version 12.00
# Visual Studio Version 17
VisualStudioVersion = 17.6.33324.259
MinimumVisualStudioVersion = 10.0.40219.1
Project("{FAE04EC0-301F-11D3-BF4B-00C04F79EFBC}") = "ZombieHunt", "ZombieHunt.csproj", "{E89A4A44-ECE2-46BB-937B-97D7971C68B2}"
EndProject
Global
	GlobalSection(SolutionConfigurationPlatforms) = preSolution
		Debug|Any CPU = Debug|Any CPU
		Release|Any CPU = Release|Any CPU
	EndGlobalSection
	GlobalSection(ProjectConfigurationPlatforms) = postSolution
		{E89A4A44-ECE2-46BB-937B-97D7971C68B2}.Debug|Any CPU.ActiveCfg = Debug|Any CPU
		{E89A4A44-ECE2-46BB-937B-97D7971C68B2}.Debug|Any CPU.Build.0 = Debug|Any CPU
		{E89A4A44-ECE2-46BB-937B-97D7971C68B2}.Release|Any CPU.ActiveCfg = Release|Any CPU
		{E89A4A44-ECE2-46BB-937B-97D7971C68B2}.Release|Any CPU.Build.0 = Release|Any CPU
	EndGlobalSection
	GlobalSection(SolutionProperties) = preSolution
		HideSolutionNode = FALSE
	EndGlobalSection
	GlobalSection(ExtensibilityGlobals) = postSolution
		SolutionGuid = {7EAE1625-46E5-4BEA-9BD8-3B4525C8B983}
	EndGlobalSection
EndGlobal
